
Microsoft Visual Studio Solution File, Format Version 12.00
# Visual Studio Version 17
VisualStudioVersion = 17.9.34723.18
MinimumVisualStudioVersion = 10.0.40219.1
Project("{9A19103F-16F7-4668-BE54-9A1E7A4F7556}") = "HelloWorldLibrary", "src\HelloWorldLibrary\HelloWorldLibrary.csproj", "{B04CCBD7-D995-4011-9A54-2534AE00F7A9}"
EndProject
Project("{2150E333-8FDC-42A3-9474-1A3956D46DE8}") = "src", "src", "{0E7F4DF7-2E43-498D-BD65-B75BC922FD1D}"
EndProject
Project("{2150E333-8FDC-42A3-9474-1A3956D46DE8}") = "test", "test", "{AA2BE685-92B1-462F-8492-063996F7F32D}"
EndProject
Project("{9A19103F-16F7-4668-BE54-9A1E7A4F7556}") = "UltimateHelloWorldConsoleApp", "src\UltimateHelloWorldConsoleApp\UltimateHelloWorldConsoleApp.csproj", "{3EFF8076-0206-4BE1-80DE-98317C63F3FE}"
EndProject
Project("{9A19103F-16F7-4668-BE54-9A1E7A4F7556}") = "HelloWorldTests", "test\HelloWorldTests\HelloWorldTests.csproj", "{48C4F075-454C-4D67-9650-43807EE92526}"
EndProject
Project("{2150E333-8FDC-42A3-9474-1A3956D46DE8}") = "externalfiles", "externalfiles", "{E52BEAB4-05CC-46ED-90D7-2787A3B1BE13}"
	ProjectSection(SolutionItems) = preProject
		.editorconfig = .editorconfig
		.gitattributes = .gitattributes
		.gitignore = .gitignore
		README.md = README.md
	EndProjectSection
EndProject
Project("{9A19103F-16F7-4668-BE54-9A1E7A4F7556}") = "PostmanCloneLibrary", "src\PostmanCloneLibrary\PostmanCloneLibrary.csproj", "{289BC4B0-8569-4B42-9438-166C7A682841}"
EndProject
Project("{9A19103F-16F7-4668-BE54-9A1E7A4F7556}") = "PostmanCloneUI", "src\PostmanCloneUI\PostmanCloneUI.csproj", "{B2C2C791-7FBA-4A61-B922-96C99564D669}"
EndProject
Project("{9A19103F-16F7-4668-BE54-9A1E7A4F7556}") = "Users.Api", "src\Users.Api\Users.Api.csproj", "{1886C70C-067E-499A-9D9D-63D2AC00322A}"
EndProject
Project("{9A19103F-16F7-4668-BE54-9A1E7A4F7556}") = "Users.Api.Tests", "test\Users.Api.Tests\Users.Api.Tests.csproj", "{7DB67E78-CE31-4CCB-B700-2CAE545276BF}"
EndProject
Project("{FAE04EC0-301F-11D3-BF4B-00C04F79EFBC}") = "IntegrationTestingExamples.Tests", "test\IntegrationTestingExamples.Tests\IntegrationTestingExamples.Tests.csproj", "{EFC0BF8D-C489-48A2-B340-6E87301E0378}"
EndProject
Global
	GlobalSection(SolutionConfigurationPlatforms) = preSolution
		Debug|Any CPU = Debug|Any CPU
		Release|Any CPU = Release|Any CPU
	EndGlobalSection
	GlobalSection(ProjectConfigurationPlatforms) = postSolution
		{B04CCBD7-D995-4011-9A54-2534AE00F7A9}.Debug|Any CPU.ActiveCfg = Debug|Any CPU
		{B04CCBD7-D995-4011-9A54-2534AE00F7A9}.Debug|Any CPU.Build.0 = Debug|Any CPU
		{B04CCBD7-D995-4011-9A54-2534AE00F7A9}.Release|Any CPU.ActiveCfg = Release|Any CPU
		{B04CCBD7-D995-4011-9A54-2534AE00F7A9}.Release|Any CPU.Build.0 = Release|Any CPU
		{3EFF8076-0206-4BE1-80DE-98317C63F3FE}.Debug|Any CPU.ActiveCfg = Debug|Any CPU
		{3EFF8076-0206-4BE1-80DE-98317C63F3FE}.Debug|Any CPU.Build.0 = Debug|Any CPU
		{3EFF8076-0206-4BE1-80DE-98317C63F3FE}.Release|Any CPU.ActiveCfg = Release|Any CPU
		{3EFF8076-0206-4BE1-80DE-98317C63F3FE}.Release|Any CPU.Build.0 = Release|Any CPU
		{48C4F075-454C-4D67-9650-43807EE92526}.Debug|Any CPU.ActiveCfg = Debug|Any CPU
		{48C4F075-454C-4D67-9650-43807EE92526}.Debug|Any CPU.Build.0 = Debug|Any CPU
		{48C4F075-454C-4D67-9650-43807EE92526}.Release|Any CPU.ActiveCfg = Release|Any CPU
		{48C4F075-454C-4D67-9650-43807EE92526}.Release|Any CPU.Build.0 = Release|Any CPU
		{289BC4B0-8569-4B42-9438-166C7A682841}.Debug|Any CPU.ActiveCfg = Debug|Any CPU
		{289BC4B0-8569-4B42-9438-166C7A682841}.Debug|Any CPU.Build.0 = Debug|Any CPU
		{289BC4B0-8569-4B42-9438-166C7A682841}.Release|Any CPU.ActiveCfg = Release|Any CPU
		{289BC4B0-8569-4B42-9438-166C7A682841}.Release|Any CPU.Build.0 = Release|Any CPU
		{B2C2C791-7FBA-4A61-B922-96C99564D669}.Debug|Any CPU.ActiveCfg = Debug|Any CPU
		{B2C2C791-7FBA-4A61-B922-96C99564D669}.Debug|Any CPU.Build.0 = Debug|Any CPU
		{B2C2C791-7FBA-4A61-B922-96C99564D669}.Release|Any CPU.ActiveCfg = Release|Any CPU
		{B2C2C791-7FBA-4A61-B922-96C99564D669}.Release|Any CPU.Build.0 = Release|Any CPU
		{1886C70C-067E-499A-9D9D-63D2AC00322A}.Debug|Any CPU.ActiveCfg = Debug|Any CPU
		{1886C70C-067E-499A-9D9D-63D2AC00322A}.Debug|Any CPU.Build.0 = Debug|Any CPU
		{1886C70C-067E-499A-9D9D-63D2AC00322A}.Release|Any CPU.ActiveCfg = Release|Any CPU
		{1886C70C-067E-499A-9D9D-63D2AC00322A}.Release|Any CPU.Build.0 = Release|Any CPU
		{7DB67E78-CE31-4CCB-B700-2CAE545276BF}.Debug|Any CPU.ActiveCfg = Debug|Any CPU
		{7DB67E78-CE31-4CCB-B700-2CAE545276BF}.Debug|Any CPU.Build.0 = Debug|Any CPU
		{7DB67E78-CE31-4CCB-B700-2CAE545276BF}.Release|Any CPU.ActiveCfg = Release|Any CPU
		{7DB67E78-CE31-4CCB-B700-2CAE545276BF}.Release|Any CPU.Build.0 = Release|Any CPU
		{EFC0BF8D-C489-48A2-B340-6E87301E0378}.Debug|Any CPU.ActiveCfg = Debug|Any CPU
		{EFC0BF8D-C489-48A2-B340-6E87301E0378}.Debug|Any CPU.Build.0 = Debug|Any CPU
		{EFC0BF8D-C489-48A2-B340-6E87301E0378}.Release|Any CPU.ActiveCfg = Release|Any CPU
		{EFC0BF8D-C489-48A2-B340-6E87301E0378}.Release|Any CPU.Build.0 = Release|Any CPU
	EndGlobalSection
	GlobalSection(SolutionProperties) = preSolution
		HideSolutionNode = FALSE
	EndGlobalSection
	GlobalSection(NestedProjects) = preSolution
		{B04CCBD7-D995-4011-9A54-2534AE00F7A9} = {0E7F4DF7-2E43-498D-BD65-B75BC922FD1D}
		{3EFF8076-0206-4BE1-80DE-98317C63F3FE} = {0E7F4DF7-2E43-498D-BD65-B75BC922FD1D}
		{48C4F075-454C-4D67-9650-43807EE92526} = {AA2BE685-92B1-462F-8492-063996F7F32D}
		{289BC4B0-8569-4B42-9438-166C7A682841} = {0E7F4DF7-2E43-498D-BD65-B75BC922FD1D}
		{B2C2C791-7FBA-4A61-B922-96C99564D669} = {0E7F4DF7-2E43-498D-BD65-B75BC922FD1D}
		{1886C70C-067E-499A-9D9D-63D2AC00322A} = {0E7F4DF7-2E43-498D-BD65-B75BC922FD1D}
		{7DB67E78-CE31-4CCB-B700-2CAE545276BF} = {AA2BE685-92B1-462F-8492-063996F7F32D}
		{EFC0BF8D-C489-48A2-B340-6E87301E0378} = {AA2BE685-92B1-462F-8492-063996F7F32D}
	EndGlobalSection
	GlobalSection(ExtensibilityGlobals) = postSolution
		SolutionGuid = {0DB25E3E-1B6A-41E6-92C4-6E2F7DEA7B41}
	EndGlobalSection
EndGlobal
